
Microsoft Visual Studio Solution File, Format Version 12.00
# Visual Studio Version 16
VisualStudioVersion = 16.0.31515.178
MinimumVisualStudioVersion = 10.0.40219.1
Project("{FAE04EC0-301F-11D3-BF4B-00C04F79EFBC}") = "DecisionsDecisions01", "DecisionsDecisions01.csproj", "{99F8182A-26E3-40A8-BA4A-D00CCD2580E7}"
EndProject
Global
	GlobalSection(SolutionConfigurationPlatforms) = preSolution
		Debug|Any CPU = Debug|Any CPU
		Release|Any CPU = Release|Any CPU
	EndGlobalSection
	GlobalSection(ProjectConfigurationPlatforms) = postSolution
		{99F8182A-26E3-40A8-BA4A-D00CCD2580E7}.Debug|Any CPU.ActiveCfg = Debug|Any CPU
		{99F8182A-26E3-40A8-BA4A-D00CCD2580E7}.Debug|Any CPU.Build.0 = Debug|Any CPU
		{99F8182A-26E3-40A8-BA4A-D00CCD2580E7}.Release|Any CPU.ActiveCfg = Release|Any CPU
		{99F8182A-26E3-40A8-BA4A-D00CCD2580E7}.Release|Any CPU.Build.0 = Release|Any CPU
	EndGlobalSection
	GlobalSection(SolutionProperties) = preSolution
		HideSolutionNode = FALSE
	EndGlobalSection
	GlobalSection(ExtensibilityGlobals) = postSolution
		SolutionGuid = {EA4CC785-5D36-4448-8E97-405F3E33AFE2}
	EndGlobalSection
EndGlobal
